
Microsoft Visual Studio Solution File, Format Version 12.00
# Visual Studio Version 17
VisualStudioVersion = 17.4.33122.133
MinimumVisualStudioVersion = 10.0.40219.1
Project("{FAE04EC0-301F-11D3-BF4B-00C04F79EFBC}") = "APlayer", "APlayer\APlayer.csproj", "{A86C5E5F-1A1E-4917-B1A7-5C364D3330DD}"
EndProject
Global
	GlobalSection(SolutionConfigurationPlatforms) = preSolution
		Debug|Any CPU = Debug|Any CPU
		Release|Any CPU = Release|Any CPU
	EndGlobalSection
	GlobalSection(ProjectConfigurationPlatforms) = postSolution
		{A86C5E5F-1A1E-4917-B1A7-5C364D3330DD}.Debug|Any CPU.ActiveCfg = Debug|Any CPU
		{A86C5E5F-1A1E-4917-B1A7-5C364D3330DD}.Debug|Any CPU.Build.0 = Debug|Any CPU
		{A86C5E5F-1A1E-4917-B1A7-5C364D3330DD}.Release|Any CPU.ActiveCfg = Release|Any CPU
		{A86C5E5F-1A1E-4917-B1A7-5C364D3330DD}.Release|Any CPU.Build.0 = Release|Any CPU
	EndGlobalSection
	GlobalSection(SolutionProperties) = preSolution
		HideSolutionNode = FALSE
	EndGlobalSection
	GlobalSection(ExtensibilityGlobals) = postSolution
		SolutionGuid = {BE08990E-B0D0-44E7-B67D-41D67DB30D66}
	EndGlobalSection
EndGlobal
